
Microsoft Visual Studio Solution File, Format Version 12.00
# Visual Studio Version 17
VisualStudioVersion = 17.7.34221.43
MinimumVisualStudioVersion = 10.0.40219.1
Project("{FAE04EC0-301F-11D3-BF4B-00C04F79EFBC}") = "POCGraphQL", "POCGraphQL\POCGraphQL.csproj", "{2B46B7BF-E734-41B0-9B64-354C4ACD4DBD}"
EndProject
Global
	GlobalSection(SolutionConfigurationPlatforms) = preSolution
		Debug|Any CPU = Debug|Any CPU
		Release|Any CPU = Release|Any CPU
	EndGlobalSection
	GlobalSection(ProjectConfigurationPlatforms) = postSolution
		{2B46B7BF-E734-41B0-9B64-354C4ACD4DBD}.Debug|Any CPU.ActiveCfg = Debug|Any CPU
		{2B46B7BF-E734-41B0-9B64-354C4ACD4DBD}.Debug|Any CPU.Build.0 = Debug|Any CPU
		{2B46B7BF-E734-41B0-9B64-354C4ACD4DBD}.Release|Any CPU.ActiveCfg = Release|Any CPU
		{2B46B7BF-E734-41B0-9B64-354C4ACD4DBD}.Release|Any CPU.Build.0 = Release|Any CPU
	EndGlobalSection
	GlobalSection(SolutionProperties) = preSolution
		HideSolutionNode = FALSE
	EndGlobalSection
	GlobalSection(ExtensibilityGlobals) = postSolution
		SolutionGuid = {8ED70F75-3F2D-44D0-A1D9-403F3ECFEC47}
	EndGlobalSection
EndGlobal
